// !$*UTF8*$!
{
	archiveVersion = 1;
	classes = {
	};
	objectVersion = 55;
	objects = {

/* Begin PBXBuildFile section */
		18365D2A29B6972400BAED7C /* Lottie in Frameworks */ = {isa = PBXBuildFile; productRef = 18365D2929B6972400BAED7C /* Lottie */; };
		1840C6B4299A95A40090EEE1 /* AppDelegate.swift in Sources */ = {isa = PBXBuildFile; fileRef = 1840C6B3299A95A40090EEE1 /* AppDelegate.swift */; };
		1840C6B6299A95A40090EEE1 /* SceneDelegate.swift in Sources */ = {isa = PBXBuildFile; fileRef = 1840C6B5299A95A40090EEE1 /* SceneDelegate.swift */; };
		1840C6B8299A95A40090EEE1 /* DashboardController.swift in Sources */ = {isa = PBXBuildFile; fileRef = 1840C6B7299A95A40090EEE1 /* DashboardController.swift */; };
		1840C6BB299A95A40090EEE1 /* Main.storyboard in Resources */ = {isa = PBXBuildFile; fileRef = 1840C6B9299A95A40090EEE1 /* Main.storyboard */; };
		1840C6BD299A95A60090EEE1 /* Assets.xcassets in Resources */ = {isa = PBXBuildFile; fileRef = 1840C6BC299A95A60090EEE1 /* Assets.xcassets */; };
		1840C6CB299A95A70090EEE1 /* NetworkClientTest.swift in Sources */ = {isa = PBXBuildFile; fileRef = 1840C6CA299A95A70090EEE1 /* NetworkClientTest.swift */; };
		1840C6D5299A95A70090EEE1 /* AssignmentAppUITests.swift in Sources */ = {isa = PBXBuildFile; fileRef = 1840C6D4299A95A70090EEE1 /* AssignmentAppUITests.swift */; };
		1840C6D7299A95A70090EEE1 /* AssignmentAppUITestsLaunchTests.swift in Sources */ = {isa = PBXBuildFile; fileRef = 1840C6D6299A95A70090EEE1 /* AssignmentAppUITestsLaunchTests.swift */; };
		18541B55299F2FC600D3B959 /* ItemModel.swift in Sources */ = {isa = PBXBuildFile; fileRef = 18541B54299F2FC600D3B959 /* ItemModel.swift */; };
		18541B57299F44EF00D3B959 /* ItemsListModel.swift in Sources */ = {isa = PBXBuildFile; fileRef = 18541B56299F44EF00D3B959 /* ItemsListModel.swift */; };
		18541B5C299F454E00D3B959 /* StoreModel.swift in Sources */ = {isa = PBXBuildFile; fileRef = 18541B5B299F454E00D3B959 /* StoreModel.swift */; };
		18541B5E299F464B00D3B959 /* EncoderDecoder.swift in Sources */ = {isa = PBXBuildFile; fileRef = 18541B5D299F464B00D3B959 /* EncoderDecoder.swift */; };
		18541B61299F4A6100D3B959 /* Urls.swift in Sources */ = {isa = PBXBuildFile; fileRef = 18541B60299F4A6100D3B959 /* Urls.swift */; };
		18541B63299F523A00D3B959 /* NetworkClient.swift in Sources */ = {isa = PBXBuildFile; fileRef = 18541B62299F523A00D3B959 /* NetworkClient.swift */; };
		185DD3F429B0B93D0097856C /* CoreDataServiceTest.swift in Sources */ = {isa = PBXBuildFile; fileRef = 185DD3F329B0B93D0097856C /* CoreDataServiceTest.swift */; };
		18659C4029A3CA2E003DDB0F /* ResponseEnums.swift in Sources */ = {isa = PBXBuildFile; fileRef = 18659C3F29A3CA2E003DDB0F /* ResponseEnums.swift */; };
		18659C4229A3CA3D003DDB0F /* ErrorEnums.swift in Sources */ = {isa = PBXBuildFile; fileRef = 18659C4129A3CA3D003DDB0F /* ErrorEnums.swift */; };
		18659C4629A40D8C003DDB0F /* ApiService.swift in Sources */ = {isa = PBXBuildFile; fileRef = 18659C4529A40D8C003DDB0F /* ApiService.swift */; };
		18659C4829A40EA2003DDB0F /* BaseModel.swift in Sources */ = {isa = PBXBuildFile; fileRef = 18659C4729A40EA2003DDB0F /* BaseModel.swift */; };
		18659C4C29A429AB003DDB0F /* DataWrapper.swift in Sources */ = {isa = PBXBuildFile; fileRef = 18659C4B29A429AB003DDB0F /* DataWrapper.swift */; };
		18659C4F29A429F3003DDB0F /* StoreRepository.swift in Sources */ = {isa = PBXBuildFile; fileRef = 18659C4E29A429F3003DDB0F /* StoreRepository.swift */; };
		18659C5429A42D77003DDB0F /* StoreViewModel.swift in Sources */ = {isa = PBXBuildFile; fileRef = 18659C5329A42D77003DDB0F /* StoreViewModel.swift */; };
		18659C5729A43461003DDB0F /* CollectionViewController.swift in Sources */ = {isa = PBXBuildFile; fileRef = 18659C5629A43461003DDB0F /* CollectionViewController.swift */; };
		18659C5929A436FA003DDB0F /* EmptyViewController.swift in Sources */ = {isa = PBXBuildFile; fileRef = 18659C5829A436FA003DDB0F /* EmptyViewController.swift */; };
		18659C6029A46BF1003DDB0F /* TableViewController.swift in Sources */ = {isa = PBXBuildFile; fileRef = 18659C5F29A46BF1003DDB0F /* TableViewController.swift */; };
		18659C6329A49EF8003DDB0F /* LoaderView.swift in Sources */ = {isa = PBXBuildFile; fileRef = 18659C6229A49EF8003DDB0F /* LoaderView.swift */; };
		18659C6529A4A899003DDB0F /* TableCell.swift in Sources */ = {isa = PBXBuildFile; fileRef = 18659C6429A4A899003DDB0F /* TableCell.swift */; };
		18659C6729A4F336003DDB0F /* Sw-Inter-Regular.ttf in Resources */ = {isa = PBXBuildFile; fileRef = 18659C6629A4F336003DDB0F /* Sw-Inter-Regular.ttf */; };
		18659C6A29A4F548003DDB0F /* Sw-Inter-Bold.ttf in Resources */ = {isa = PBXBuildFile; fileRef = 18659C6929A4F548003DDB0F /* Sw-Inter-Bold.ttf */; };
		18659C6D29A4F802003DDB0F /* CommonExtensions.swift in Sources */ = {isa = PBXBuildFile; fileRef = 18659C6C29A4F802003DDB0F /* CommonExtensions.swift */; };
		18659C7029A5F9CB003DDB0F /* Constants.swift in Sources */ = {isa = PBXBuildFile; fileRef = 18659C6F29A5F9CB003DDB0F /* Constants.swift */; };
		18659C7229A5FE23003DDB0F /* Colors.swift in Sources */ = {isa = PBXBuildFile; fileRef = 18659C7129A5FE23003DDB0F /* Colors.swift */; };
		18659C7629A609F1003DDB0F /* TableCellConstraints.swift in Sources */ = {isa = PBXBuildFile; fileRef = 18659C7529A609F1003DDB0F /* TableCellConstraints.swift */; };
		18659C7829A61D65003DDB0F /* CollectionCell.swift in Sources */ = {isa = PBXBuildFile; fileRef = 18659C7729A61D65003DDB0F /* CollectionCell.swift */; };
		18659C7D29A624DF003DDB0F /* CollectionCellConstraints.swift in Sources */ = {isa = PBXBuildFile; fileRef = 18659C7C29A624DF003DDB0F /* CollectionCellConstraints.swift */; };
		18659C8029A75AE6003DDB0F /* AppBar.swift in Sources */ = {isa = PBXBuildFile; fileRef = 18659C7F29A75AE6003DDB0F /* AppBar.swift */; };
		18659C8229A765FC003DDB0F /* Strings.swift in Sources */ = {isa = PBXBuildFile; fileRef = 18659C8129A765FC003DDB0F /* Strings.swift */; };
		18659C8429A80E9D003DDB0F /* Sw-Inter-Medium.ttf in Resources */ = {isa = PBXBuildFile; fileRef = 18659C8329A80E9D003DDB0F /* Sw-Inter-Medium.ttf */; };
		18659C8629A9443B003DDB0F /* TableViewConstraints.swift in Sources */ = {isa = PBXBuildFile; fileRef = 18659C8529A9443B003DDB0F /* TableViewConstraints.swift */; };
		18A1320329AD1F79000F45ED /* CoreItem.xcdatamodeld in Sources */ = {isa = PBXBuildFile; fileRef = 18A1320129AD1F79000F45ED /* CoreItem.xcdatamodeld */; };
		18A1320629AD20EA000F45ED /* CoreItem+CoreDataClass.swift in Sources */ = {isa = PBXBuildFile; fileRef = 18A1320429AD20EA000F45ED /* CoreItem+CoreDataClass.swift */; };
		18A1320729AD20EA000F45ED /* CoreItem+CoreDataProperties.swift in Sources */ = {isa = PBXBuildFile; fileRef = 18A1320529AD20EA000F45ED /* CoreItem+CoreDataProperties.swift */; };
		18A1320A29ADDF29000F45ED /* CoreDataService.swift in Sources */ = {isa = PBXBuildFile; fileRef = 18A1320929ADDF29000F45ED /* CoreDataService.swift */; };
		18A1320D29ADF5B8000F45ED /* RepositoryDelegate.swift in Sources */ = {isa = PBXBuildFile; fileRef = 18A1320C29ADF5B8000F45ED /* RepositoryDelegate.swift */; };
		18C059BA29ABCAE4008430C2 /* HomePageController.swift in Sources */ = {isa = PBXBuildFile; fileRef = 18C059B929ABCAE4008430C2 /* HomePageController.swift */; };
		18DFC68F29B4BF41007FACDC /* MockNetworkDelegate.swift in Sources */ = {isa = PBXBuildFile; fileRef = 18DFC68E29B4BF41007FACDC /* MockNetworkDelegate.swift */; };
		18DFC69129B4D3D8007FACDC /* ApiServiceTest.swift in Sources */ = {isa = PBXBuildFile; fileRef = 18DFC69029B4D3D8007FACDC /* ApiServiceTest.swift */; };
		18DFC69329B4DBE0007FACDC /* MockApiDelegate.swift in Sources */ = {isa = PBXBuildFile; fileRef = 18DFC69229B4DBE0007FACDC /* MockApiDelegate.swift */; };
		18DFC69729B5C946007FACDC /* MockStoreData.swift in Sources */ = {isa = PBXBuildFile; fileRef = 18DFC69629B5C946007FACDC /* MockStoreData.swift */; };
		18DFC69929B5D6A9007FACDC /* MockCoreDataDelegate.swift in Sources */ = {isa = PBXBuildFile; fileRef = 18DFC69829B5D6A9007FACDC /* MockCoreDataDelegate.swift */; };
		18E699B929AF47C30031D6F4 /* ApiDelegate.swift in Sources */ = {isa = PBXBuildFile; fileRef = 18E699B829AF47C30031D6F4 /* ApiDelegate.swift */; };
		18E699BB29AF4E090031D6F4 /* NetworkDelegate.swift in Sources */ = {isa = PBXBuildFile; fileRef = 18E699BA29AF4E090031D6F4 /* NetworkDelegate.swift */; };
		18E699BD29AF69360031D6F4 /* CoredataDelegate.swift in Sources */ = {isa = PBXBuildFile; fileRef = 18E699BC29AF69360031D6F4 /* CoredataDelegate.swift */; };
		18E699C729AF99AC0031D6F4 /* StoreViewModelDelegate.swift in Sources */ = {isa = PBXBuildFile; fileRef = 18E699C629AF99AC0031D6F4 /* StoreViewModelDelegate.swift */; };
		18E699C929AFCB690031D6F4 /* LaunchScreen.storyboard in Resources */ = {isa = PBXBuildFile; fileRef = 18E699C829AFCB690031D6F4 /* LaunchScreen.storyboard */; };
		18E699CC29B016CE0031D6F4 /* TableUtils.swift in Sources */ = {isa = PBXBuildFile; fileRef = 18E699CB29B016CE0031D6F4 /* TableUtils.swift */; };
		18E699CE29B023680031D6F4 /* CollectionViewConstraints.swift in Sources */ = {isa = PBXBuildFile; fileRef = 18E699CD29B023680031D6F4 /* CollectionViewConstraints.swift */; };
		18E699D029B024750031D6F4 /* CollectionUtils.swift in Sources */ = {isa = PBXBuildFile; fileRef = 18E699CF29B024750031D6F4 /* CollectionUtils.swift */; };
		18ECE44429B5E46E00A1429F /* StoreRepositoryTest.swift in Sources */ = {isa = PBXBuildFile; fileRef = 18ECE44329B5E46E00A1429F /* StoreRepositoryTest.swift */; };
		18ECE44629B5EC3E00A1429F /* MockRepositoryDelegate.swift in Sources */ = {isa = PBXBuildFile; fileRef = 18ECE44529B5EC3E00A1429F /* MockRepositoryDelegate.swift */; };
		18ECE44829B5F89D00A1429F /* StoreViewModelTests.swift in Sources */ = {isa = PBXBuildFile; fileRef = 18ECE44729B5F89D00A1429F /* StoreViewModelTests.swift */; };
		18ECE44A29B5F90600A1429F /* MockStoreViewModelDelegate.swift in Sources */ = {isa = PBXBuildFile; fileRef = 18ECE44929B5F90600A1429F /* MockStoreViewModelDelegate.swift */; };
		18ECE44C29B6091400A1429F /* TableUtilProtocol.swift in Sources */ = {isa = PBXBuildFile; fileRef = 18ECE44B29B6091400A1429F /* TableUtilProtocol.swift */; };
		18ECE44E29B65CD400A1429F /* CustomTableView.swift in Sources */ = {isa = PBXBuildFile; fileRef = 18ECE44D29B65CD400A1429F /* CustomTableView.swift */; };
		18ECE45029B66AA700A1429F /* CustomCollectionView.swift in Sources */ = {isa = PBXBuildFile; fileRef = 18ECE44F29B66AA700A1429F /* CustomCollectionView.swift */; };
/* End PBXBuildFile section */

/* Begin PBXContainerItemProxy section */
		1840C6C7299A95A70090EEE1 /* PBXContainerItemProxy */ = {
			isa = PBXContainerItemProxy;
			containerPortal = 1840C6A8299A95A40090EEE1 /* Project object */;
			proxyType = 1;
			remoteGlobalIDString = 1840C6AF299A95A40090EEE1;
			remoteInfo = AssignmentApp;
		};
		1840C6D1299A95A70090EEE1 /* PBXContainerItemProxy */ = {
			isa = PBXContainerItemProxy;
			containerPortal = 1840C6A8299A95A40090EEE1 /* Project object */;
			proxyType = 1;
			remoteGlobalIDString = 1840C6AF299A95A40090EEE1;
			remoteInfo = AssignmentApp;
		};
/* End PBXContainerItemProxy section */

/* Begin PBXFileReference section */
		1840C6B0299A95A40090EEE1 /* AssignmentApp.app */ = {isa = PBXFileReference; explicitFileType = wrapper.application; includeInIndex = 0; path = AssignmentApp.app; sourceTree = BUILT_PRODUCTS_DIR; };
		1840C6B3299A95A40090EEE1 /* AppDelegate.swift */ = {isa = PBXFileReference; lastKnownFileType = sourcecode.swift; path = AppDelegate.swift; sourceTree = "<group>"; };
		1840C6B5299A95A40090EEE1 /* SceneDelegate.swift */ = {isa = PBXFileReference; lastKnownFileType = sourcecode.swift; path = SceneDelegate.swift; sourceTree = "<group>"; };
		1840C6B7299A95A40090EEE1 /* DashboardController.swift */ = {isa = PBXFileReference; lastKnownFileType = sourcecode.swift; path = DashboardController.swift; sourceTree = "<group>"; };
		1840C6BA299A95A40090EEE1 /* Base */ = {isa = PBXFileReference; lastKnownFileType = file.storyboard; name = Base; path = Base.lproj/Main.storyboard; sourceTree = "<group>"; };
		1840C6BC299A95A60090EEE1 /* Assets.xcassets */ = {isa = PBXFileReference; lastKnownFileType = folder.assetcatalog; path = Assets.xcassets; sourceTree = "<group>"; };
		1840C6C1299A95A60090EEE1 /* Info.plist */ = {isa = PBXFileReference; lastKnownFileType = text.plist.xml; path = Info.plist; sourceTree = "<group>"; };
		1840C6C6299A95A70090EEE1 /* AssignmentAppTests.xctest */ = {isa = PBXFileReference; explicitFileType = wrapper.cfbundle; includeInIndex = 0; path = AssignmentAppTests.xctest; sourceTree = BUILT_PRODUCTS_DIR; };
		1840C6CA299A95A70090EEE1 /* NetworkClientTest.swift */ = {isa = PBXFileReference; lastKnownFileType = sourcecode.swift; path = NetworkClientTest.swift; sourceTree = "<group>"; };
		1840C6D0299A95A70090EEE1 /* AssignmentAppUITests.xctest */ = {isa = PBXFileReference; explicitFileType = wrapper.cfbundle; includeInIndex = 0; path = AssignmentAppUITests.xctest; sourceTree = BUILT_PRODUCTS_DIR; };
		1840C6D4299A95A70090EEE1 /* AssignmentAppUITests.swift */ = {isa = PBXFileReference; lastKnownFileType = sourcecode.swift; path = AssignmentAppUITests.swift; sourceTree = "<group>"; };
		1840C6D6299A95A70090EEE1 /* AssignmentAppUITestsLaunchTests.swift */ = {isa = PBXFileReference; lastKnownFileType = sourcecode.swift; path = AssignmentAppUITestsLaunchTests.swift; sourceTree = "<group>"; };
		18541B54299F2FC600D3B959 /* ItemModel.swift */ = {isa = PBXFileReference; lastKnownFileType = sourcecode.swift; path = ItemModel.swift; sourceTree = "<group>"; };
		18541B56299F44EF00D3B959 /* ItemsListModel.swift */ = {isa = PBXFileReference; lastKnownFileType = sourcecode.swift; path = ItemsListModel.swift; sourceTree = "<group>"; };
		18541B5B299F454E00D3B959 /* StoreModel.swift */ = {isa = PBXFileReference; lastKnownFileType = sourcecode.swift; path = StoreModel.swift; sourceTree = "<group>"; };
		18541B5D299F464B00D3B959 /* EncoderDecoder.swift */ = {isa = PBXFileReference; lastKnownFileType = sourcecode.swift; path = EncoderDecoder.swift; sourceTree = "<group>"; };
		18541B60299F4A6100D3B959 /* Urls.swift */ = {isa = PBXFileReference; lastKnownFileType = sourcecode.swift; path = Urls.swift; sourceTree = "<group>"; };
		18541B62299F523A00D3B959 /* NetworkClient.swift */ = {isa = PBXFileReference; lastKnownFileType = sourcecode.swift; path = NetworkClient.swift; sourceTree = "<group>"; };
		185DD3F329B0B93D0097856C /* CoreDataServiceTest.swift */ = {isa = PBXFileReference; lastKnownFileType = sourcecode.swift; path = CoreDataServiceTest.swift; sourceTree = "<group>"; };
		18659C3F29A3CA2E003DDB0F /* ResponseEnums.swift */ = {isa = PBXFileReference; lastKnownFileType = sourcecode.swift; path = ResponseEnums.swift; sourceTree = "<group>"; };
		18659C4129A3CA3D003DDB0F /* ErrorEnums.swift */ = {isa = PBXFileReference; lastKnownFileType = sourcecode.swift; path = ErrorEnums.swift; sourceTree = "<group>"; };
		18659C4529A40D8C003DDB0F /* ApiService.swift */ = {isa = PBXFileReference; lastKnownFileType = sourcecode.swift; path = ApiService.swift; sourceTree = "<group>"; };
		18659C4729A40EA2003DDB0F /* BaseModel.swift */ = {isa = PBXFileReference; lastKnownFileType = sourcecode.swift; path = BaseModel.swift; sourceTree = "<group>"; };
		18659C4B29A429AB003DDB0F /* DataWrapper.swift */ = {isa = PBXFileReference; lastKnownFileType = sourcecode.swift; path = DataWrapper.swift; sourceTree = "<group>"; };
		18659C4E29A429F3003DDB0F /* StoreRepository.swift */ = {isa = PBXFileReference; lastKnownFileType = sourcecode.swift; path = StoreRepository.swift; sourceTree = "<group>"; };
		18659C5329A42D77003DDB0F /* StoreViewModel.swift */ = {isa = PBXFileReference; lastKnownFileType = sourcecode.swift; path = StoreViewModel.swift; sourceTree = "<group>"; };
		18659C5629A43461003DDB0F /* CollectionViewController.swift */ = {isa = PBXFileReference; lastKnownFileType = sourcecode.swift; path = CollectionViewController.swift; sourceTree = "<group>"; };
		18659C5829A436FA003DDB0F /* EmptyViewController.swift */ = {isa = PBXFileReference; lastKnownFileType = sourcecode.swift; path = EmptyViewController.swift; sourceTree = "<group>"; };
		18659C5F29A46BF1003DDB0F /* TableViewController.swift */ = {isa = PBXFileReference; lastKnownFileType = sourcecode.swift; path = TableViewController.swift; sourceTree = "<group>"; };
		18659C6229A49EF8003DDB0F /* LoaderView.swift */ = {isa = PBXFileReference; lastKnownFileType = sourcecode.swift; path = LoaderView.swift; sourceTree = "<group>"; };
		18659C6429A4A899003DDB0F /* TableCell.swift */ = {isa = PBXFileReference; lastKnownFileType = sourcecode.swift; path = TableCell.swift; sourceTree = "<group>"; };
		18659C6629A4F336003DDB0F /* Sw-Inter-Regular.ttf */ = {isa = PBXFileReference; lastKnownFileType = file; path = "Sw-Inter-Regular.ttf"; sourceTree = "<group>"; };
		18659C6929A4F548003DDB0F /* Sw-Inter-Bold.ttf */ = {isa = PBXFileReference; lastKnownFileType = file; path = "Sw-Inter-Bold.ttf"; sourceTree = "<group>"; };
		18659C6C29A4F802003DDB0F /* CommonExtensions.swift */ = {isa = PBXFileReference; lastKnownFileType = sourcecode.swift; path = CommonExtensions.swift; sourceTree = "<group>"; };
		18659C6F29A5F9CB003DDB0F /* Constants.swift */ = {isa = PBXFileReference; lastKnownFileType = sourcecode.swift; path = Constants.swift; sourceTree = "<group>"; };
		18659C7129A5FE23003DDB0F /* Colors.swift */ = {isa = PBXFileReference; lastKnownFileType = sourcecode.swift; path = Colors.swift; sourceTree = "<group>"; };
		18659C7529A609F1003DDB0F /* TableCellConstraints.swift */ = {isa = PBXFileReference; lastKnownFileType = sourcecode.swift; path = TableCellConstraints.swift; sourceTree = "<group>"; };
		18659C7729A61D65003DDB0F /* CollectionCell.swift */ = {isa = PBXFileReference; lastKnownFileType = sourcecode.swift; path = CollectionCell.swift; sourceTree = "<group>"; };
		18659C7C29A624DF003DDB0F /* CollectionCellConstraints.swift */ = {isa = PBXFileReference; lastKnownFileType = sourcecode.swift; path = CollectionCellConstraints.swift; sourceTree = "<group>"; };
		18659C7F29A75AE6003DDB0F /* AppBar.swift */ = {isa = PBXFileReference; lastKnownFileType = sourcecode.swift; path = AppBar.swift; sourceTree = "<group>"; };
		18659C8129A765FC003DDB0F /* Strings.swift */ = {isa = PBXFileReference; lastKnownFileType = sourcecode.swift; path = Strings.swift; sourceTree = "<group>"; };
		18659C8329A80E9D003DDB0F /* Sw-Inter-Medium.ttf */ = {isa = PBXFileReference; lastKnownFileType = file; path = "Sw-Inter-Medium.ttf"; sourceTree = "<group>"; };
		18659C8529A9443B003DDB0F /* TableViewConstraints.swift */ = {isa = PBXFileReference; lastKnownFileType = sourcecode.swift; path = TableViewConstraints.swift; sourceTree = "<group>"; };
		18A1320229AD1F79000F45ED /* CoreItem.xcdatamodel */ = {isa = PBXFileReference; lastKnownFileType = wrapper.xcdatamodel; path = CoreItem.xcdatamodel; sourceTree = "<group>"; };
		18A1320429AD20EA000F45ED /* CoreItem+CoreDataClass.swift */ = {isa = PBXFileReference; lastKnownFileType = sourcecode.swift; name = "CoreItem+CoreDataClass.swift"; path = "AssignmentApp/Common/Models/CoreModels/CoreItem+CoreDataClass.swift"; sourceTree = "<group>"; };
		18A1320529AD20EA000F45ED /* CoreItem+CoreDataProperties.swift */ = {isa = PBXFileReference; lastKnownFileType = sourcecode.swift; name = "CoreItem+CoreDataProperties.swift"; path = "AssignmentApp/Common/Models/CoreModels/CoreItem+CoreDataProperties.swift"; sourceTree = "<group>"; };
		18A1320929ADDF29000F45ED /* CoreDataService.swift */ = {isa = PBXFileReference; lastKnownFileType = sourcecode.swift; path = CoreDataService.swift; sourceTree = "<group>"; };
		18A1320C29ADF5B8000F45ED /* RepositoryDelegate.swift */ = {isa = PBXFileReference; lastKnownFileType = sourcecode.swift; path = RepositoryDelegate.swift; sourceTree = "<group>"; };
		18C059B929ABCAE4008430C2 /* HomePageController.swift */ = {isa = PBXFileReference; lastKnownFileType = sourcecode.swift; path = HomePageController.swift; sourceTree = "<group>"; };
		18DFC68E29B4BF41007FACDC /* MockNetworkDelegate.swift */ = {isa = PBXFileReference; lastKnownFileType = sourcecode.swift; path = MockNetworkDelegate.swift; sourceTree = "<group>"; };
		18DFC69029B4D3D8007FACDC /* ApiServiceTest.swift */ = {isa = PBXFileReference; lastKnownFileType = sourcecode.swift; path = ApiServiceTest.swift; sourceTree = "<group>"; };
		18DFC69229B4DBE0007FACDC /* MockApiDelegate.swift */ = {isa = PBXFileReference; lastKnownFileType = sourcecode.swift; path = MockApiDelegate.swift; sourceTree = "<group>"; };
		18DFC69629B5C946007FACDC /* MockStoreData.swift */ = {isa = PBXFileReference; lastKnownFileType = sourcecode.swift; path = MockStoreData.swift; sourceTree = "<group>"; };
		18DFC69829B5D6A9007FACDC /* MockCoreDataDelegate.swift */ = {isa = PBXFileReference; lastKnownFileType = sourcecode.swift; path = MockCoreDataDelegate.swift; sourceTree = "<group>"; };
		18E699B829AF47C30031D6F4 /* ApiDelegate.swift */ = {isa = PBXFileReference; lastKnownFileType = sourcecode.swift; path = ApiDelegate.swift; sourceTree = "<group>"; };
		18E699BA29AF4E090031D6F4 /* NetworkDelegate.swift */ = {isa = PBXFileReference; lastKnownFileType = sourcecode.swift; path = NetworkDelegate.swift; sourceTree = "<group>"; };
		18E699BC29AF69360031D6F4 /* CoredataDelegate.swift */ = {isa = PBXFileReference; lastKnownFileType = sourcecode.swift; path = CoredataDelegate.swift; sourceTree = "<group>"; };
		18E699C629AF99AC0031D6F4 /* StoreViewModelDelegate.swift */ = {isa = PBXFileReference; lastKnownFileType = sourcecode.swift; path = StoreViewModelDelegate.swift; sourceTree = "<group>"; };
		18E699C829AFCB690031D6F4 /* LaunchScreen.storyboard */ = {isa = PBXFileReference; fileEncoding = 4; lastKnownFileType = file.storyboard; path = LaunchScreen.storyboard; sourceTree = "<group>"; };
		18E699CB29B016CE0031D6F4 /* TableUtils.swift */ = {isa = PBXFileReference; lastKnownFileType = sourcecode.swift; path = TableUtils.swift; sourceTree = "<group>"; };
		18E699CD29B023680031D6F4 /* CollectionViewConstraints.swift */ = {isa = PBXFileReference; lastKnownFileType = sourcecode.swift; path = CollectionViewConstraints.swift; sourceTree = "<group>"; };
		18E699CF29B024750031D6F4 /* CollectionUtils.swift */ = {isa = PBXFileReference; lastKnownFileType = sourcecode.swift; path = CollectionUtils.swift; sourceTree = "<group>"; };
		18ECE44329B5E46E00A1429F /* StoreRepositoryTest.swift */ = {isa = PBXFileReference; lastKnownFileType = sourcecode.swift; path = StoreRepositoryTest.swift; sourceTree = "<group>"; };
		18ECE44529B5EC3E00A1429F /* MockRepositoryDelegate.swift */ = {isa = PBXFileReference; lastKnownFileType = sourcecode.swift; path = MockRepositoryDelegate.swift; sourceTree = "<group>"; };
		18ECE44729B5F89D00A1429F /* StoreViewModelTests.swift */ = {isa = PBXFileReference; lastKnownFileType = sourcecode.swift; path = StoreViewModelTests.swift; sourceTree = "<group>"; };
		18ECE44929B5F90600A1429F /* MockStoreViewModelDelegate.swift */ = {isa = PBXFileReference; lastKnownFileType = sourcecode.swift; path = MockStoreViewModelDelegate.swift; sourceTree = "<group>"; };
		18ECE44B29B6091400A1429F /* TableUtilProtocol.swift */ = {isa = PBXFileReference; lastKnownFileType = sourcecode.swift; path = TableUtilProtocol.swift; sourceTree = "<group>"; };
		18ECE44D29B65CD400A1429F /* CustomTableView.swift */ = {isa = PBXFileReference; lastKnownFileType = sourcecode.swift; path = CustomTableView.swift; sourceTree = "<group>"; };
		18ECE44F29B66AA700A1429F /* CustomCollectionView.swift */ = {isa = PBXFileReference; lastKnownFileType = sourcecode.swift; path = CustomCollectionView.swift; sourceTree = "<group>"; };
/* End PBXFileReference section */

/* Begin PBXFrameworksBuildPhase section */
		1840C6AD299A95A40090EEE1 /* Frameworks */ = {
			isa = PBXFrameworksBuildPhase;
			buildActionMask = 2147483647;
			files = (
				18365D2A29B6972400BAED7C /* Lottie in Frameworks */,
			);
			runOnlyForDeploymentPostprocessing = 0;
		};
		1840C6C3299A95A70090EEE1 /* Frameworks */ = {
			isa = PBXFrameworksBuildPhase;
			buildActionMask = 2147483647;
			files = (
			);
			runOnlyForDeploymentPostprocessing = 0;
		};
		1840C6CD299A95A70090EEE1 /* Frameworks */ = {
			isa = PBXFrameworksBuildPhase;
			buildActionMask = 2147483647;
			files = (
			);
			runOnlyForDeploymentPostprocessing = 0;
		};
/* End PBXFrameworksBuildPhase section */

/* Begin PBXGroup section */
		1840C6A7299A95A40090EEE1 = {
			isa = PBXGroup;
			children = (
				18A1320429AD20EA000F45ED /* CoreItem+CoreDataClass.swift */,
				18A1320529AD20EA000F45ED /* CoreItem+CoreDataProperties.swift */,
				1840C6B2299A95A40090EEE1 /* AssignmentApp */,
				1840C6C9299A95A70090EEE1 /* AssignmentAppTests */,
				1840C6D3299A95A70090EEE1 /* AssignmentAppUITests */,
				1840C6B1299A95A40090EEE1 /* Products */,
			);
			sourceTree = "<group>";
		};
		1840C6B1299A95A40090EEE1 /* Products */ = {
			isa = PBXGroup;
			children = (
				1840C6B0299A95A40090EEE1 /* AssignmentApp.app */,
				1840C6C6299A95A70090EEE1 /* AssignmentAppTests.xctest */,
				1840C6D0299A95A70090EEE1 /* AssignmentAppUITests.xctest */,
			);
			name = Products;
			sourceTree = "<group>";
		};
		1840C6B2299A95A40090EEE1 /* AssignmentApp */ = {
			isa = PBXGroup;
			children = (
				18A1320829ADDF0C000F45ED /* Services */,
				18659C6829A4F361003DDB0F /* Fonts */,
				18659C5E29A46BCB003DDB0F /* TableView */,
				18659C5A29A46AC7003DDB0F /* Dashboard */,
				18659C5529A43454003DDB0F /* CollectionView */,
				18541B52299F2F9600D3B959 /* Common */,
				18541B51299F2F3000D3B959 /* Delegates */,
				1840C6B9299A95A40090EEE1 /* Main.storyboard */,
				18E699C829AFCB690031D6F4 /* LaunchScreen.storyboard */,
				1840C6BC299A95A60090EEE1 /* Assets.xcassets */,
				1840C6C1299A95A60090EEE1 /* Info.plist */,
				18659C5829A436FA003DDB0F /* EmptyViewController.swift */,
			);
			path = AssignmentApp;
			sourceTree = "<group>";
		};
		1840C6C9299A95A70090EEE1 /* AssignmentAppTests */ = {
			isa = PBXGroup;
			children = (
				18DFC68D29B4BF30007FACDC /* MockDelegates */,
				1840C6CA299A95A70090EEE1 /* NetworkClientTest.swift */,
				185DD3F329B0B93D0097856C /* CoreDataServiceTest.swift */,
				18DFC69029B4D3D8007FACDC /* ApiServiceTest.swift */,
				18DFC69629B5C946007FACDC /* MockStoreData.swift */,
				18ECE44329B5E46E00A1429F /* StoreRepositoryTest.swift */,
				18ECE44729B5F89D00A1429F /* StoreViewModelTests.swift */,
			);
			path = AssignmentAppTests;
			sourceTree = "<group>";
		};
		1840C6D3299A95A70090EEE1 /* AssignmentAppUITests */ = {
			isa = PBXGroup;
			children = (
				1840C6D4299A95A70090EEE1 /* AssignmentAppUITests.swift */,
				1840C6D6299A95A70090EEE1 /* AssignmentAppUITestsLaunchTests.swift */,
			);
			path = AssignmentAppUITests;
			sourceTree = "<group>";
		};
		18541B51299F2F3000D3B959 /* Delegates */ = {
			isa = PBXGroup;
			children = (
				1840C6B3299A95A40090EEE1 /* AppDelegate.swift */,
				1840C6B5299A95A40090EEE1 /* SceneDelegate.swift */,
			);
			path = Delegates;
			sourceTree = "<group>";
		};
		18541B52299F2F9600D3B959 /* Common */ = {
			isa = PBXGroup;
			children = (
				18A1320B29ADF5A2000F45ED /* Protocols */,
				18659C6E29A5F9BC003DDB0F /* Utils */,
				18659C6B29A4F7F3003DDB0F /* Extensions */,
				18659C6129A49EE9003DDB0F /* Views */,
				18659C5029A42D5B003DDB0F /* ViewModels */,
				18659C4D29A429DA003DDB0F /* Repository */,
				18541B5F299F4A5000D3B959 /* Network */,
				18541B53299F2F9F00D3B959 /* Models */,
			);
			path = Common;
			sourceTree = "<group>";
		};
		18541B53299F2F9F00D3B959 /* Models */ = {
			isa = PBXGroup;
			children = (
				18A1319329ACFB8C000F45ED /* CoreModels */,
				18541B5D299F464B00D3B959 /* EncoderDecoder.swift */,
				18541B54299F2FC600D3B959 /* ItemModel.swift */,
				18541B56299F44EF00D3B959 /* ItemsListModel.swift */,
				18541B5B299F454E00D3B959 /* StoreModel.swift */,
				18659C4729A40EA2003DDB0F /* BaseModel.swift */,
				18659C4B29A429AB003DDB0F /* DataWrapper.swift */,
			);
			path = Models;
			sourceTree = "<group>";
		};
		18541B5F299F4A5000D3B959 /* Network */ = {
			isa = PBXGroup;
			children = (
				18541B60299F4A6100D3B959 /* Urls.swift */,
				18541B62299F523A00D3B959 /* NetworkClient.swift */,
				18659C3F29A3CA2E003DDB0F /* ResponseEnums.swift */,
				18659C4129A3CA3D003DDB0F /* ErrorEnums.swift */,
			);
			path = Network;
			sourceTree = "<group>";
		};
		18659C4D29A429DA003DDB0F /* Repository */ = {
			isa = PBXGroup;
			children = (
				18659C4E29A429F3003DDB0F /* StoreRepository.swift */,
			);
			path = Repository;
			sourceTree = "<group>";
		};
		18659C5029A42D5B003DDB0F /* ViewModels */ = {
			isa = PBXGroup;
			children = (
				18659C5329A42D77003DDB0F /* StoreViewModel.swift */,
			);
			path = ViewModels;
			sourceTree = "<group>";
		};
		18659C5529A43454003DDB0F /* CollectionView */ = {
			isa = PBXGroup;
			children = (
				18659C7B29A624C8003DDB0F /* Utils */,
				18659C5629A43461003DDB0F /* CollectionViewController.swift */,
				18659C7729A61D65003DDB0F /* CollectionCell.swift */,
				18ECE44F29B66AA700A1429F /* CustomCollectionView.swift */,
			);
			path = CollectionView;
			sourceTree = "<group>";
		};
		18659C5A29A46AC7003DDB0F /* Dashboard */ = {
			isa = PBXGroup;
			children = (
				18659C5B29A46AD6003DDB0F /* View */,
			);
			path = Dashboard;
			sourceTree = "<group>";
		};
		18659C5B29A46AD6003DDB0F /* View */ = {
			isa = PBXGroup;
			children = (
				1840C6B7299A95A40090EEE1 /* DashboardController.swift */,
				18C059B929ABCAE4008430C2 /* HomePageController.swift */,
			);
			path = View;
			sourceTree = "<group>";
		};
		18659C5E29A46BCB003DDB0F /* TableView */ = {
			isa = PBXGroup;
			children = (
				18659C7429A609E2003DDB0F /* Utils */,
				18659C5F29A46BF1003DDB0F /* TableViewController.swift */,
				18659C6429A4A899003DDB0F /* TableCell.swift */,
				18ECE44D29B65CD400A1429F /* CustomTableView.swift */,
			);
			path = TableView;
			sourceTree = "<group>";
		};
		18659C6129A49EE9003DDB0F /* Views */ = {
			isa = PBXGroup;
			children = (
				18659C7F29A75AE6003DDB0F /* AppBar.swift */,
				18659C6229A49EF8003DDB0F /* LoaderView.swift */,
			);
			path = Views;
			sourceTree = "<group>";
		};
		18659C6829A4F361003DDB0F /* Fonts */ = {
			isa = PBXGroup;
			children = (
				18659C6629A4F336003DDB0F /* Sw-Inter-Regular.ttf */,
				18659C8329A80E9D003DDB0F /* Sw-Inter-Medium.ttf */,
				18659C6929A4F548003DDB0F /* Sw-Inter-Bold.ttf */,
			);
			path = Fonts;
			sourceTree = "<group>";
		};
		18659C6B29A4F7F3003DDB0F /* Extensions */ = {
			isa = PBXGroup;
			children = (
				18659C6C29A4F802003DDB0F /* CommonExtensions.swift */,
			);
			path = Extensions;
			sourceTree = "<group>";
		};
		18659C6E29A5F9BC003DDB0F /* Utils */ = {
			isa = PBXGroup;
			children = (
				18659C6F29A5F9CB003DDB0F /* Constants.swift */,
				18659C7129A5FE23003DDB0F /* Colors.swift */,
				18659C8129A765FC003DDB0F /* Strings.swift */,
			);
			path = Utils;
			sourceTree = "<group>";
		};
		18659C7429A609E2003DDB0F /* Utils */ = {
			isa = PBXGroup;
			children = (
				18659C7529A609F1003DDB0F /* TableCellConstraints.swift */,
				18659C8529A9443B003DDB0F /* TableViewConstraints.swift */,
				18E699CB29B016CE0031D6F4 /* TableUtils.swift */,
			);
			path = Utils;
			sourceTree = "<group>";
		};
		18659C7B29A624C8003DDB0F /* Utils */ = {
			isa = PBXGroup;
			children = (
				18659C7C29A624DF003DDB0F /* CollectionCellConstraints.swift */,
				18E699CD29B023680031D6F4 /* CollectionViewConstraints.swift */,
				18E699CF29B024750031D6F4 /* CollectionUtils.swift */,
			);
			path = Utils;
			sourceTree = "<group>";
		};
		18A1319329ACFB8C000F45ED /* CoreModels */ = {
			isa = PBXGroup;
			children = (
				18A1320129AD1F79000F45ED /* CoreItem.xcdatamodeld */,
			);
			path = CoreModels;
			sourceTree = "<group>";
		};
		18A1320829ADDF0C000F45ED /* Services */ = {
			isa = PBXGroup;
			children = (
				18659C4529A40D8C003DDB0F /* ApiService.swift */,
				18A1320929ADDF29000F45ED /* CoreDataService.swift */,
			);
			path = Services;
			sourceTree = "<group>";
		};
		18A1320B29ADF5A2000F45ED /* Protocols */ = {
			isa = PBXGroup;
			children = (
				18A1320C29ADF5B8000F45ED /* RepositoryDelegate.swift */,
				18E699B829AF47C30031D6F4 /* ApiDelegate.swift */,
				18E699BA29AF4E090031D6F4 /* NetworkDelegate.swift */,
				18E699BC29AF69360031D6F4 /* CoredataDelegate.swift */,
				18E699C629AF99AC0031D6F4 /* StoreViewModelDelegate.swift */,
				18ECE44B29B6091400A1429F /* TableUtilProtocol.swift */,
			);
			path = Protocols;
			sourceTree = "<group>";
		};
		18DFC68D29B4BF30007FACDC /* MockDelegates */ = {
			isa = PBXGroup;
			children = (
				18DFC68E29B4BF41007FACDC /* MockNetworkDelegate.swift */,
				18DFC69229B4DBE0007FACDC /* MockApiDelegate.swift */,
				18DFC69829B5D6A9007FACDC /* MockCoreDataDelegate.swift */,
				18ECE44529B5EC3E00A1429F /* MockRepositoryDelegate.swift */,
				18ECE44929B5F90600A1429F /* MockStoreViewModelDelegate.swift */,
			);
			path = MockDelegates;
			sourceTree = "<group>";
		};
/* End PBXGroup section */

/* Begin PBXNativeTarget section */
		1840C6AF299A95A40090EEE1 /* AssignmentApp */ = {
			isa = PBXNativeTarget;
			buildConfigurationList = 1840C6DA299A95A70090EEE1 /* Build configuration list for PBXNativeTarget "AssignmentApp" */;
			buildPhases = (
				1840C6AC299A95A40090EEE1 /* Sources */,
				1840C6AD299A95A40090EEE1 /* Frameworks */,
				1840C6AE299A95A40090EEE1 /* Resources */,
			);
			buildRules = (
			);
			dependencies = (
			);
			name = AssignmentApp;
			packageProductDependencies = (
				18365D2929B6972400BAED7C /* Lottie */,
			);
			productName = AssignmentApp;
			productReference = 1840C6B0299A95A40090EEE1 /* AssignmentApp.app */;
			productType = "com.apple.product-type.application";
		};
		1840C6C5299A95A70090EEE1 /* AssignmentAppTests */ = {
			isa = PBXNativeTarget;
			buildConfigurationList = 1840C6DD299A95A70090EEE1 /* Build configuration list for PBXNativeTarget "AssignmentAppTests" */;
			buildPhases = (
				1840C6C2299A95A70090EEE1 /* Sources */,
				1840C6C3299A95A70090EEE1 /* Frameworks */,
				1840C6C4299A95A70090EEE1 /* Resources */,
			);
			buildRules = (
			);
			dependencies = (
				1840C6C8299A95A70090EEE1 /* PBXTargetDependency */,
			);
			name = AssignmentAppTests;
			productName = AssignmentAppTests;
			productReference = 1840C6C6299A95A70090EEE1 /* AssignmentAppTests.xctest */;
			productType = "com.apple.product-type.bundle.unit-test";
		};
		1840C6CF299A95A70090EEE1 /* AssignmentAppUITests */ = {
			isa = PBXNativeTarget;
			buildConfigurationList = 1840C6E0299A95A70090EEE1 /* Build configuration list for PBXNativeTarget "AssignmentAppUITests" */;
			buildPhases = (
				1840C6CC299A95A70090EEE1 /* Sources */,
				1840C6CD299A95A70090EEE1 /* Frameworks */,
				1840C6CE299A95A70090EEE1 /* Resources */,
			);
			buildRules = (
			);
			dependencies = (
				1840C6D2299A95A70090EEE1 /* PBXTargetDependency */,
			);
			name = AssignmentAppUITests;
			productName = AssignmentAppUITests;
			productReference = 1840C6D0299A95A70090EEE1 /* AssignmentAppUITests.xctest */;
			productType = "com.apple.product-type.bundle.ui-testing";
		};
/* End PBXNativeTarget section */

/* Begin PBXProject section */
		1840C6A8299A95A40090EEE1 /* Project object */ = {
			isa = PBXProject;
			attributes = {
				BuildIndependentTargetsInParallel = 1;
				LastSwiftUpdateCheck = 1340;
				LastUpgradeCheck = 1340;
				TargetAttributes = {
					1840C6AF299A95A40090EEE1 = {
						CreatedOnToolsVersion = 13.4.1;
					};
					1840C6C5299A95A70090EEE1 = {
						CreatedOnToolsVersion = 13.4.1;
						TestTargetID = 1840C6AF299A95A40090EEE1;
					};
					1840C6CF299A95A70090EEE1 = {
						CreatedOnToolsVersion = 13.4.1;
						TestTargetID = 1840C6AF299A95A40090EEE1;
					};
				};
			};
			buildConfigurationList = 1840C6AB299A95A40090EEE1 /* Build configuration list for PBXProject "AssignmentApp" */;
			compatibilityVersion = "Xcode 13.0";
			developmentRegion = en;
			hasScannedForEncodings = 0;
			knownRegions = (
				en,
				Base,
			);
			mainGroup = 1840C6A7299A95A40090EEE1;
			packageReferences = (
				18365D2829B6972400BAED7C /* XCRemoteSwiftPackageReference "lottie-ios" */,
			);
			productRefGroup = 1840C6B1299A95A40090EEE1 /* Products */;
			projectDirPath = "";
			projectRoot = "";
			targets = (
				1840C6AF299A95A40090EEE1 /* AssignmentApp */,
				1840C6C5299A95A70090EEE1 /* AssignmentAppTests */,
				1840C6CF299A95A70090EEE1 /* AssignmentAppUITests */,
			);
		};
/* End PBXProject section */

/* Begin PBXResourcesBuildPhase section */
		1840C6AE299A95A40090EEE1 /* Resources */ = {
			isa = PBXResourcesBuildPhase;
			buildActionMask = 2147483647;
			files = (
				18659C6A29A4F548003DDB0F /* Sw-Inter-Bold.ttf in Resources */,
				18659C8429A80E9D003DDB0F /* Sw-Inter-Medium.ttf in Resources */,
				1840C6BD299A95A60090EEE1 /* Assets.xcassets in Resources */,
				18E699C929AFCB690031D6F4 /* LaunchScreen.storyboard in Resources */,
				18659C6729A4F336003DDB0F /* Sw-Inter-Regular.ttf in Resources */,
				1840C6BB299A95A40090EEE1 /* Main.storyboard in Resources */,
			);
			runOnlyForDeploymentPostprocessing = 0;
		};
		1840C6C4299A95A70090EEE1 /* Resources */ = {
			isa = PBXResourcesBuildPhase;
			buildActionMask = 2147483647;
			files = (
			);
			runOnlyForDeploymentPostprocessing = 0;
		};
		1840C6CE299A95A70090EEE1 /* Resources */ = {
			isa = PBXResourcesBuildPhase;
			buildActionMask = 2147483647;
			files = (
			);
			runOnlyForDeploymentPostprocessing = 0;
		};
/* End PBXResourcesBuildPhase section */

/* Begin PBXSourcesBuildPhase section */
		1840C6AC299A95A40090EEE1 /* Sources */ = {
			isa = PBXSourcesBuildPhase;
			buildActionMask = 2147483647;
			files = (
				18659C4029A3CA2E003DDB0F /* ResponseEnums.swift in Sources */,
				18659C7229A5FE23003DDB0F /* Colors.swift in Sources */,
				18A1320729AD20EA000F45ED /* CoreItem+CoreDataProperties.swift in Sources */,
				18E699C729AF99AC0031D6F4 /* StoreViewModelDelegate.swift in Sources */,
				18541B5C299F454E00D3B959 /* StoreModel.swift in Sources */,
				18659C7629A609F1003DDB0F /* TableCellConstraints.swift in Sources */,
				18E699CC29B016CE0031D6F4 /* TableUtils.swift in Sources */,
				18E699CE29B023680031D6F4 /* CollectionViewConstraints.swift in Sources */,
				18659C7D29A624DF003DDB0F /* CollectionCellConstraints.swift in Sources */,
				18659C4629A40D8C003DDB0F /* ApiService.swift in Sources */,
				18659C7029A5F9CB003DDB0F /* Constants.swift in Sources */,
				18A1320629AD20EA000F45ED /* CoreItem+CoreDataClass.swift in Sources */,
				18E699BD29AF69360031D6F4 /* CoredataDelegate.swift in Sources */,
				18E699D029B024750031D6F4 /* CollectionUtils.swift in Sources */,
				18659C4829A40EA2003DDB0F /* BaseModel.swift in Sources */,
				18659C8629A9443B003DDB0F /* TableViewConstraints.swift in Sources */,
				18E699BB29AF4E090031D6F4 /* NetworkDelegate.swift in Sources */,
				18659C7829A61D65003DDB0F /* CollectionCell.swift in Sources */,
				18659C5729A43461003DDB0F /* CollectionViewController.swift in Sources */,
				18541B5E299F464B00D3B959 /* EncoderDecoder.swift in Sources */,
				18541B57299F44EF00D3B959 /* ItemsListModel.swift in Sources */,
				18659C5929A436FA003DDB0F /* EmptyViewController.swift in Sources */,
				18A1320A29ADDF29000F45ED /* CoreDataService.swift in Sources */,
				18659C5429A42D77003DDB0F /* StoreViewModel.swift in Sources */,
				18541B61299F4A6100D3B959 /* Urls.swift in Sources */,
				1840C6B8299A95A40090EEE1 /* DashboardController.swift in Sources */,
				18659C6529A4A899003DDB0F /* TableCell.swift in Sources */,
				18ECE45029B66AA700A1429F /* CustomCollectionView.swift in Sources */,
				18A1320D29ADF5B8000F45ED /* RepositoryDelegate.swift in Sources */,
				18659C6D29A4F802003DDB0F /* CommonExtensions.swift in Sources */,
				18541B63299F523A00D3B959 /* NetworkClient.swift in Sources */,
				18659C4C29A429AB003DDB0F /* DataWrapper.swift in Sources */,
				18ECE44E29B65CD400A1429F /* CustomTableView.swift in Sources */,
				18659C6029A46BF1003DDB0F /* TableViewController.swift in Sources */,
				1840C6B4299A95A40090EEE1 /* AppDelegate.swift in Sources */,
				18659C8229A765FC003DDB0F /* Strings.swift in Sources */,
				18659C4229A3CA3D003DDB0F /* ErrorEnums.swift in Sources */,
				18541B55299F2FC600D3B959 /* ItemModel.swift in Sources */,
				18659C6329A49EF8003DDB0F /* LoaderView.swift in Sources */,
				18E699B929AF47C30031D6F4 /* ApiDelegate.swift in Sources */,
				18ECE44C29B6091400A1429F /* TableUtilProtocol.swift in Sources */,
				18659C8029A75AE6003DDB0F /* AppBar.swift in Sources */,
				18659C4F29A429F3003DDB0F /* StoreRepository.swift in Sources */,
				18C059BA29ABCAE4008430C2 /* HomePageController.swift in Sources */,
				1840C6B6299A95A40090EEE1 /* SceneDelegate.swift in Sources */,
				18A1320329AD1F79000F45ED /* CoreItem.xcdatamodeld in Sources */,
			);
			runOnlyForDeploymentPostprocessing = 0;
		};
		1840C6C2299A95A70090EEE1 /* Sources */ = {
			isa = PBXSourcesBuildPhase;
			buildActionMask = 2147483647;
			files = (
				18ECE44629B5EC3E00A1429F /* MockRepositoryDelegate.swift in Sources */,
				18DFC69329B4DBE0007FACDC /* MockApiDelegate.swift in Sources */,
				18ECE44829B5F89D00A1429F /* StoreViewModelTests.swift in Sources */,
				18ECE44429B5E46E00A1429F /* StoreRepositoryTest.swift in Sources */,
				18ECE44A29B5F90600A1429F /* MockStoreViewModelDelegate.swift in Sources */,
				18DFC69729B5C946007FACDC /* MockStoreData.swift in Sources */,
				18DFC69929B5D6A9007FACDC /* MockCoreDataDelegate.swift in Sources */,
				185DD3F429B0B93D0097856C /* CoreDataServiceTest.swift in Sources */,
				18DFC68F29B4BF41007FACDC /* MockNetworkDelegate.swift in Sources */,
				18DFC69129B4D3D8007FACDC /* ApiServiceTest.swift in Sources */,
				1840C6CB299A95A70090EEE1 /* NetworkClientTest.swift in Sources */,
			);
			runOnlyForDeploymentPostprocessing = 0;
		};
		1840C6CC299A95A70090EEE1 /* Sources */ = {
			isa = PBXSourcesBuildPhase;
			buildActionMask = 2147483647;
			files = (
				1840C6D5299A95A70090EEE1 /* AssignmentAppUITests.swift in Sources */,
				1840C6D7299A95A70090EEE1 /* AssignmentAppUITestsLaunchTests.swift in Sources */,
			);
			runOnlyForDeploymentPostprocessing = 0;
		};
/* End PBXSourcesBuildPhase section */

/* Begin PBXTargetDependency section */
		1840C6C8299A95A70090EEE1 /* PBXTargetDependency */ = {
			isa = PBXTargetDependency;
			target = 1840C6AF299A95A40090EEE1 /* AssignmentApp */;
			targetProxy = 1840C6C7299A95A70090EEE1 /* PBXContainerItemProxy */;
		};
		1840C6D2299A95A70090EEE1 /* PBXTargetDependency */ = {
			isa = PBXTargetDependency;
			target = 1840C6AF299A95A40090EEE1 /* AssignmentApp */;
			targetProxy = 1840C6D1299A95A70090EEE1 /* PBXContainerItemProxy */;
		};
/* End PBXTargetDependency section */

/* Begin PBXVariantGroup section */
		1840C6B9299A95A40090EEE1 /* Main.storyboard */ = {
			isa = PBXVariantGroup;
			children = (
				1840C6BA299A95A40090EEE1 /* Base */,
			);
			name = Main.storyboard;
			sourceTree = "<group>";
		};
/* End PBXVariantGroup section */

/* Begin XCBuildConfiguration section */
		1840C6D8299A95A70090EEE1 /* Debug */ = {
			isa = XCBuildConfiguration;
			buildSettings = {
				ALWAYS_SEARCH_USER_PATHS = NO;
				CLANG_ANALYZER_NONNULL = YES;
				CLANG_ANALYZER_NUMBER_OBJECT_CONVERSION = YES_AGGRESSIVE;
				CLANG_CXX_LANGUAGE_STANDARD = "gnu++17";
				CLANG_ENABLE_MODULES = YES;
				CLANG_ENABLE_OBJC_ARC = YES;
				CLANG_ENABLE_OBJC_WEAK = YES;
				CLANG_WARN_BLOCK_CAPTURE_AUTORELEASING = YES;
				CLANG_WARN_BOOL_CONVERSION = YES;
				CLANG_WARN_COMMA = YES;
				CLANG_WARN_CONSTANT_CONVERSION = YES;
				CLANG_WARN_DEPRECATED_OBJC_IMPLEMENTATIONS = YES;
				CLANG_WARN_DIRECT_OBJC_ISA_USAGE = YES_ERROR;
				CLANG_WARN_DOCUMENTATION_COMMENTS = YES;
				CLANG_WARN_EMPTY_BODY = YES;
				CLANG_WARN_ENUM_CONVERSION = YES;
				CLANG_WARN_INFINITE_RECURSION = YES;
				CLANG_WARN_INT_CONVERSION = YES;
				CLANG_WARN_NON_LITERAL_NULL_CONVERSION = YES;
				CLANG_WARN_OBJC_IMPLICIT_RETAIN_SELF = YES;
				CLANG_WARN_OBJC_LITERAL_CONVERSION = YES;
				CLANG_WARN_OBJC_ROOT_CLASS = YES_ERROR;
				CLANG_WARN_QUOTED_INCLUDE_IN_FRAMEWORK_HEADER = YES;
				CLANG_WARN_RANGE_LOOP_ANALYSIS = YES;
				CLANG_WARN_STRICT_PROTOTYPES = YES;
				CLANG_WARN_SUSPICIOUS_MOVE = YES;
				CLANG_WARN_UNGUARDED_AVAILABILITY = YES_AGGRESSIVE;
				CLANG_WARN_UNREACHABLE_CODE = YES;
				CLANG_WARN__DUPLICATE_METHOD_MATCH = YES;
				COPY_PHASE_STRIP = NO;
				DEBUG_INFORMATION_FORMAT = dwarf;
				ENABLE_STRICT_OBJC_MSGSEND = YES;
				ENABLE_TESTABILITY = YES;
				GCC_C_LANGUAGE_STANDARD = gnu11;
				GCC_DYNAMIC_NO_PIC = NO;
				GCC_NO_COMMON_BLOCKS = YES;
				GCC_OPTIMIZATION_LEVEL = 0;
				GCC_PREPROCESSOR_DEFINITIONS = (
					"DEBUG=1",
					"$(inherited)",
				);
				GCC_WARN_64_TO_32_BIT_CONVERSION = YES;
				GCC_WARN_ABOUT_RETURN_TYPE = YES_ERROR;
				GCC_WARN_UNDECLARED_SELECTOR = YES;
				GCC_WARN_UNINITIALIZED_AUTOS = YES_AGGRESSIVE;
				GCC_WARN_UNUSED_FUNCTION = YES;
				GCC_WARN_UNUSED_VARIABLE = YES;
				IPHONEOS_DEPLOYMENT_TARGET = 15.5;
				MTL_ENABLE_DEBUG_INFO = INCLUDE_SOURCE;
				MTL_FAST_MATH = YES;
				ONLY_ACTIVE_ARCH = YES;
				SDKROOT = iphoneos;
				SWIFT_ACTIVE_COMPILATION_CONDITIONS = DEBUG;
				SWIFT_OPTIMIZATION_LEVEL = "-Onone";
			};
			name = Debug;
		};
		1840C6D9299A95A70090EEE1 /* Release */ = {
			isa = XCBuildConfiguration;
			buildSettings = {
				ALWAYS_SEARCH_USER_PATHS = NO;
				CLANG_ANALYZER_NONNULL = YES;
				CLANG_ANALYZER_NUMBER_OBJECT_CONVERSION = YES_AGGRESSIVE;
				CLANG_CXX_LANGUAGE_STANDARD = "gnu++17";
				CLANG_ENABLE_MODULES = YES;
				CLANG_ENABLE_OBJC_ARC = YES;
				CLANG_ENABLE_OBJC_WEAK = YES;
				CLANG_WARN_BLOCK_CAPTURE_AUTORELEASING = YES;
				CLANG_WARN_BOOL_CONVERSION = YES;
				CLANG_WARN_COMMA = YES;
				CLANG_WARN_CONSTANT_CONVERSION = YES;
				CLANG_WARN_DEPRECATED_OBJC_IMPLEMENTATIONS = YES;
				CLANG_WARN_DIRECT_OBJC_ISA_USAGE = YES_ERROR;
				CLANG_WARN_DOCUMENTATION_COMMENTS = YES;
				CLANG_WARN_EMPTY_BODY = YES;
				CLANG_WARN_ENUM_CONVERSION = YES;
				CLANG_WARN_INFINITE_RECURSION = YES;
				CLANG_WARN_INT_CONVERSION = YES;
				CLANG_WARN_NON_LITERAL_NULL_CONVERSION = YES;
				CLANG_WARN_OBJC_IMPLICIT_RETAIN_SELF = YES;
				CLANG_WARN_OBJC_LITERAL_CONVERSION = YES;
				CLANG_WARN_OBJC_ROOT_CLASS = YES_ERROR;
				CLANG_WARN_QUOTED_INCLUDE_IN_FRAMEWORK_HEADER = YES;
				CLANG_WARN_RANGE_LOOP_ANALYSIS = YES;
				CLANG_WARN_STRICT_PROTOTYPES = YES;
				CLANG_WARN_SUSPICIOUS_MOVE = YES;
				CLANG_WARN_UNGUARDED_AVAILABILITY = YES_AGGRESSIVE;
				CLANG_WARN_UNREACHABLE_CODE = YES;
				CLANG_WARN__DUPLICATE_METHOD_MATCH = YES;
				COPY_PHASE_STRIP = NO;
				DEBUG_INFORMATION_FORMAT = "dwarf-with-dsym";
				ENABLE_NS_ASSERTIONS = NO;
				ENABLE_STRICT_OBJC_MSGSEND = YES;
				GCC_C_LANGUAGE_STANDARD = gnu11;
				GCC_NO_COMMON_BLOCKS = YES;
				GCC_WARN_64_TO_32_BIT_CONVERSION = YES;
				GCC_WARN_ABOUT_RETURN_TYPE = YES_ERROR;
				GCC_WARN_UNDECLARED_SELECTOR = YES;
				GCC_WARN_UNINITIALIZED_AUTOS = YES_AGGRESSIVE;
				GCC_WARN_UNUSED_FUNCTION = YES;
				GCC_WARN_UNUSED_VARIABLE = YES;
				IPHONEOS_DEPLOYMENT_TARGET = 15.5;
				MTL_ENABLE_DEBUG_INFO = NO;
				MTL_FAST_MATH = YES;
				SDKROOT = iphoneos;
				SWIFT_COMPILATION_MODE = wholemodule;
				SWIFT_OPTIMIZATION_LEVEL = "-O";
				VALIDATE_PRODUCT = YES;
			};
			name = Release;
		};
		1840C6DB299A95A70090EEE1 /* Debug */ = {
			isa = XCBuildConfiguration;
			buildSettings = {
				ASSETCATALOG_COMPILER_APPICON_NAME = AppIcon;
				ASSETCATALOG_COMPILER_GLOBAL_ACCENT_COLOR_NAME = AccentColor;
				CODE_SIGN_STYLE = Automatic;
				CURRENT_PROJECT_VERSION = 1;
				DEVELOPMENT_TEAM = U84LM5WK6Z;
				GENERATE_INFOPLIST_FILE = YES;
				INFOPLIST_FILE = AssignmentApp/Info.plist;
				INFOPLIST_KEY_UIApplicationSupportsIndirectInputEvents = YES;
				INFOPLIST_KEY_UILaunchStoryboardName = LaunchScreen;
				INFOPLIST_KEY_UIMainStoryboardFile = Main;
				INFOPLIST_KEY_UISupportedInterfaceOrientations_iPad = "UIInterfaceOrientationPortrait UIInterfaceOrientationPortraitUpsideDown UIInterfaceOrientationLandscapeLeft UIInterfaceOrientationLandscapeRight";
				INFOPLIST_KEY_UISupportedInterfaceOrientations_iPhone = "UIInterfaceOrientationPortrait UIInterfaceOrientationLandscapeLeft UIInterfaceOrientationLandscapeRight";
				LD_RUNPATH_SEARCH_PATHS = (
					"$(inherited)",
					"@executable_path/Frameworks",
				);
				MARKETING_VERSION = 1.0;
				PRODUCT_BUNDLE_IDENTIFIER = com.harold.AssignmentApp;
				PRODUCT_NAME = "$(TARGET_NAME)";
				SWIFT_EMIT_LOC_STRINGS = YES;
				SWIFT_VERSION = 5.0;
				TARGETED_DEVICE_FAMILY = "1,2";
			};
			name = Debug;
		};
		1840C6DC299A95A70090EEE1 /* Release */ = {
			isa = XCBuildConfiguration;
			buildSettings = {
				ASSETCATALOG_COMPILER_APPICON_NAME = AppIcon;
				ASSETCATALOG_COMPILER_GLOBAL_ACCENT_COLOR_NAME = AccentColor;
				CODE_SIGN_STYLE = Automatic;
				CURRENT_PROJECT_VERSION = 1;
				DEVELOPMENT_TEAM = U84LM5WK6Z;
				GENERATE_INFOPLIST_FILE = YES;
				INFOPLIST_FILE = AssignmentApp/Info.plist;
				INFOPLIST_KEY_UIApplicationSupportsIndirectInputEvents = YES;
				INFOPLIST_KEY_UILaunchStoryboardName = LaunchScreen;
				INFOPLIST_KEY_UIMainStoryboardFile = Main;
				INFOPLIST_KEY_UISupportedInterfaceOrientations_iPad = "UIInterfaceOrientationPortrait UIInterfaceOrientationPortraitUpsideDown UIInterfaceOrientationLandscapeLeft UIInterfaceOrientationLandscapeRight";
				INFOPLIST_KEY_UISupportedInterfaceOrientations_iPhone = "UIInterfaceOrientationPortrait UIInterfaceOrientationLandscapeLeft UIInterfaceOrientationLandscapeRight";
				LD_RUNPATH_SEARCH_PATHS = (
					"$(inherited)",
					"@executable_path/Frameworks",
				);
				MARKETING_VERSION = 1.0;
				PRODUCT_BUNDLE_IDENTIFIER = com.harold.AssignmentApp;
				PRODUCT_NAME = "$(TARGET_NAME)";
				SWIFT_EMIT_LOC_STRINGS = YES;
				SWIFT_VERSION = 5.0;
				TARGETED_DEVICE_FAMILY = "1,2";
			};
			name = Release;
		};
		1840C6DE299A95A70090EEE1 /* Debug */ = {
			isa = XCBuildConfiguration;
			buildSettings = {
				ALWAYS_EMBED_SWIFT_STANDARD_LIBRARIES = YES;
				BUNDLE_LOADER = "$(TEST_HOST)";
				CODE_SIGN_STYLE = Automatic;
				CURRENT_PROJECT_VERSION = 1;
				DEVELOPMENT_TEAM = U84LM5WK6Z;
				GENERATE_INFOPLIST_FILE = YES;
				IPHONEOS_DEPLOYMENT_TARGET = 15.5;
				MARKETING_VERSION = 1.0;
				PRODUCT_BUNDLE_IDENTIFIER = com.harold.AssignmentAppTests;
				PRODUCT_NAME = "$(TARGET_NAME)";
				SWIFT_EMIT_LOC_STRINGS = NO;
				SWIFT_VERSION = 5.0;
				TARGETED_DEVICE_FAMILY = "1,2";
				TEST_HOST = "$(BUILT_PRODUCTS_DIR)/AssignmentApp.app/AssignmentApp";
			};
			name = Debug;
		};
		1840C6DF299A95A70090EEE1 /* Release */ = {
			isa = XCBuildConfiguration;
			buildSettings = {
				ALWAYS_EMBED_SWIFT_STANDARD_LIBRARIES = YES;
				BUNDLE_LOADER = "$(TEST_HOST)";
				CODE_SIGN_STYLE = Automatic;
				CURRENT_PROJECT_VERSION = 1;
				DEVELOPMENT_TEAM = U84LM5WK6Z;
				GENERATE_INFOPLIST_FILE = YES;
				IPHONEOS_DEPLOYMENT_TARGET = 15.5;
				MARKETING_VERSION = 1.0;
				PRODUCT_BUNDLE_IDENTIFIER = com.harold.AssignmentAppTests;
				PRODUCT_NAME = "$(TARGET_NAME)";
				SWIFT_EMIT_LOC_STRINGS = NO;
				SWIFT_VERSION = 5.0;
				TARGETED_DEVICE_FAMILY = "1,2";
				TEST_HOST = "$(BUILT_PRODUCTS_DIR)/AssignmentApp.app/AssignmentApp";
			};
			name = Release;
		};
		1840C6E1299A95A70090EEE1 /* Debug */ = {
			isa = XCBuildConfiguration;
			buildSettings = {
				ALWAYS_EMBED_SWIFT_STANDARD_LIBRARIES = YES;
				CODE_SIGN_STYLE = Automatic;
				CURRENT_PROJECT_VERSION = 1;
				DEVELOPMENT_TEAM = U84LM5WK6Z;
				GENERATE_INFOPLIST_FILE = YES;
				MARKETING_VERSION = 1.0;
				PRODUCT_BUNDLE_IDENTIFIER = com.harold.AssignmentAppUITests;
				PRODUCT_NAME = "$(TARGET_NAME)";
				SWIFT_EMIT_LOC_STRINGS = NO;
				SWIFT_VERSION = 5.0;
				TARGETED_DEVICE_FAMILY = "1,2";
				TEST_TARGET_NAME = AssignmentApp;
			};
			name = Debug;
		};
		1840C6E2299A95A70090EEE1 /* Release */ = {
			isa = XCBuildConfiguration;
			buildSettings = {
				ALWAYS_EMBED_SWIFT_STANDARD_LIBRARIES = YES;
				CODE_SIGN_STYLE = Automatic;
				CURRENT_PROJECT_VERSION = 1;
				DEVELOPMENT_TEAM = U84LM5WK6Z;
				GENERATE_INFOPLIST_FILE = YES;
				MARKETING_VERSION = 1.0;
				PRODUCT_BUNDLE_IDENTIFIER = com.harold.AssignmentAppUITests;
				PRODUCT_NAME = "$(TARGET_NAME)";
				SWIFT_EMIT_LOC_STRINGS = NO;
				SWIFT_VERSION = 5.0;
				TARGETED_DEVICE_FAMILY = "1,2";
				TEST_TARGET_NAME = AssignmentApp;
			};
			name = Release;
		};
/* End XCBuildConfiguration section */

/* Begin XCConfigurationList section */
		1840C6AB299A95A40090EEE1 /* Build configuration list for PBXProject "AssignmentApp" */ = {
			isa = XCConfigurationList;
			buildConfigurations = (
				1840C6D8299A95A70090EEE1 /* Debug */,
				1840C6D9299A95A70090EEE1 /* Release */,
			);
			defaultConfigurationIsVisible = 0;
			defaultConfigurationName = Release;
		};
		1840C6DA299A95A70090EEE1 /* Build configuration list for PBXNativeTarget "AssignmentApp" */ = {
			isa = XCConfigurationList;
			buildConfigurations = (
				1840C6DB299A95A70090EEE1 /* Debug */,
				1840C6DC299A95A70090EEE1 /* Release */,
			);
			defaultConfigurationIsVisible = 0;
			defaultConfigurationName = Release;
		};
		1840C6DD299A95A70090EEE1 /* Build configuration list for PBXNativeTarget "AssignmentAppTests" */ = {
			isa = XCConfigurationList;
			buildConfigurations = (
				1840C6DE299A95A70090EEE1 /* Debug */,
				1840C6DF299A95A70090EEE1 /* Release */,
			);
			defaultConfigurationIsVisible = 0;
			defaultConfigurationName = Release;
		};
		1840C6E0299A95A70090EEE1 /* Build configuration list for PBXNativeTarget "AssignmentAppUITests" */ = {
			isa = XCConfigurationList;
			buildConfigurations = (
				1840C6E1299A95A70090EEE1 /* Debug */,
				1840C6E2299A95A70090EEE1 /* Release */,
			);
			defaultConfigurationIsVisible = 0;
			defaultConfigurationName = Release;
		};
/* End XCConfigurationList section */

/* Begin XCRemoteSwiftPackageReference section */
		18365D2829B6972400BAED7C /* XCRemoteSwiftPackageReference "lottie-ios" */ = {
			isa = XCRemoteSwiftPackageReference;
			repositoryURL = "https://github.com/airbnb/lottie-ios.git";
			requirement = {
				kind = upToNextMajorVersion;
				minimumVersion = 4.0.0;
			};
		};
/* End XCRemoteSwiftPackageReference section */

/* Begin XCSwiftPackageProductDependency section */
		18365D2929B6972400BAED7C /* Lottie */ = {
			isa = XCSwiftPackageProductDependency;
			package = 18365D2829B6972400BAED7C /* XCRemoteSwiftPackageReference "lottie-ios" */;
			productName = Lottie;
		};
/* End XCSwiftPackageProductDependency section */

/* Begin XCVersionGroup section */
		18A1320129AD1F79000F45ED /* CoreItem.xcdatamodeld */ = {
			isa = XCVersionGroup;
			children = (
				18A1320229AD1F79000F45ED /* CoreItem.xcdatamodel */,
			);
			currentVersion = 18A1320229AD1F79000F45ED /* CoreItem.xcdatamodel */;
			path = CoreItem.xcdatamodeld;
			sourceTree = "<group>";
			versionGroupType = wrapper.xcdatamodel;
		};
/* End XCVersionGroup section */
	};
	rootObject = 1840C6A8299A95A40090EEE1 /* Project object */;
}
